
Microsoft Visual Studio Solution File, Format Version 12.00
# Visual Studio Version 17
VisualStudioVersion = 17.3.32901.215
MinimumVisualStudioVersion = 10.0.40219.1
Project("{8BC9CEB8-8B4A-11D0-8D11-00A0C91BC942}") = "OP1_4", "OP1_4\OP1_4.vcxproj", "{7AF0CC58-6567-426C-8E55-512478A9B1AC}"
EndProject
Global
	GlobalSection(SolutionConfigurationPlatforms) = preSolution
		Debug|x64 = Debug|x64
		Debug|x86 = Debug|x86
		Release|x64 = Release|x64
		Release|x86 = Release|x86
	EndGlobalSection
	GlobalSection(ProjectConfigurationPlatforms) = postSolution
		{7AF0CC58-6567-426C-8E55-512478A9B1AC}.Debug|x64.ActiveCfg = Debug|x64
		{7AF0CC58-6567-426C-8E55-512478A9B1AC}.Debug|x64.Build.0 = Debug|x64
		{7AF0CC58-6567-426C-8E55-512478A9B1AC}.Debug|x86.ActiveCfg = Debug|Win32
		{7AF0CC58-6567-426C-8E55-512478A9B1AC}.Debug|x86.Build.0 = Debug|Win32
		{7AF0CC58-6567-426C-8E55-512478A9B1AC}.Release|x64.ActiveCfg = Release|x64
		{7AF0CC58-6567-426C-8E55-512478A9B1AC}.Release|x64.Build.0 = Release|x64
		{7AF0CC58-6567-426C-8E55-512478A9B1AC}.Release|x86.ActiveCfg = Release|Win32
		{7AF0CC58-6567-426C-8E55-512478A9B1AC}.Release|x86.Build.0 = Release|Win32
	EndGlobalSection
	GlobalSection(SolutionProperties) = preSolution
		HideSolutionNode = FALSE
	EndGlobalSection
	GlobalSection(ExtensibilityGlobals) = postSolution
		SolutionGuid = {500620B8-C78E-4041-A6EB-E33DF16D0B01}
	EndGlobalSection
EndGlobal
