
Microsoft Visual Studio Solution File, Format Version 12.00
# Visual Studio Version 17
VisualStudioVersion = 17.3.32901.215
MinimumVisualStudioVersion = 10.0.40219.1
Project("{8BC9CEB8-8B4A-11D0-8D11-00A0C91BC942}") = "OP1_8", "OP1_8\OP1_8.vcxproj", "{8638D353-18C0-462A-A147-4703E937C6DC}"
EndProject
Global
	GlobalSection(SolutionConfigurationPlatforms) = preSolution
		Debug|x64 = Debug|x64
		Debug|x86 = Debug|x86
		Release|x64 = Release|x64
		Release|x86 = Release|x86
	EndGlobalSection
	GlobalSection(ProjectConfigurationPlatforms) = postSolution
		{8638D353-18C0-462A-A147-4703E937C6DC}.Debug|x64.ActiveCfg = Debug|x64
		{8638D353-18C0-462A-A147-4703E937C6DC}.Debug|x64.Build.0 = Debug|x64
		{8638D353-18C0-462A-A147-4703E937C6DC}.Debug|x86.ActiveCfg = Debug|Win32
		{8638D353-18C0-462A-A147-4703E937C6DC}.Debug|x86.Build.0 = Debug|Win32
		{8638D353-18C0-462A-A147-4703E937C6DC}.Release|x64.ActiveCfg = Release|x64
		{8638D353-18C0-462A-A147-4703E937C6DC}.Release|x64.Build.0 = Release|x64
		{8638D353-18C0-462A-A147-4703E937C6DC}.Release|x86.ActiveCfg = Release|Win32
		{8638D353-18C0-462A-A147-4703E937C6DC}.Release|x86.Build.0 = Release|Win32
	EndGlobalSection
	GlobalSection(SolutionProperties) = preSolution
		HideSolutionNode = FALSE
	EndGlobalSection
	GlobalSection(ExtensibilityGlobals) = postSolution
		SolutionGuid = {132CBE6B-7C8F-4845-91BA-4378CE95BB5C}
	EndGlobalSection
EndGlobal
