
Microsoft Visual Studio Solution File, Format Version 12.00
# Visual Studio Version 17
VisualStudioVersion = 17.3.32901.215
MinimumVisualStudioVersion = 10.0.40219.1
Project("{8BC9CEB8-8B4A-11D0-8D11-00A0C91BC942}") = "AOP1_9", "AOP1_9\AOP1_9.vcxproj", "{ED064C36-E4DC-42C0-AA7D-3656281402FD}"
EndProject
Global
	GlobalSection(SolutionConfigurationPlatforms) = preSolution
		Debug|x64 = Debug|x64
		Debug|x86 = Debug|x86
		Release|x64 = Release|x64
		Release|x86 = Release|x86
	EndGlobalSection
	GlobalSection(ProjectConfigurationPlatforms) = postSolution
		{ED064C36-E4DC-42C0-AA7D-3656281402FD}.Debug|x64.ActiveCfg = Debug|x64
		{ED064C36-E4DC-42C0-AA7D-3656281402FD}.Debug|x64.Build.0 = Debug|x64
		{ED064C36-E4DC-42C0-AA7D-3656281402FD}.Debug|x86.ActiveCfg = Debug|Win32
		{ED064C36-E4DC-42C0-AA7D-3656281402FD}.Debug|x86.Build.0 = Debug|Win32
		{ED064C36-E4DC-42C0-AA7D-3656281402FD}.Release|x64.ActiveCfg = Release|x64
		{ED064C36-E4DC-42C0-AA7D-3656281402FD}.Release|x64.Build.0 = Release|x64
		{ED064C36-E4DC-42C0-AA7D-3656281402FD}.Release|x86.ActiveCfg = Release|Win32
		{ED064C36-E4DC-42C0-AA7D-3656281402FD}.Release|x86.Build.0 = Release|Win32
	EndGlobalSection
	GlobalSection(SolutionProperties) = preSolution
		HideSolutionNode = FALSE
	EndGlobalSection
	GlobalSection(ExtensibilityGlobals) = postSolution
		SolutionGuid = {09E4D213-5AA2-41AA-876C-A1E1F548D036}
	EndGlobalSection
EndGlobal
