
Microsoft Visual Studio Solution File, Format Version 12.00
# Visual Studio Version 17
VisualStudioVersion = 17.7.34024.191
MinimumVisualStudioVersion = 10.0.40219.1
Project("{FAE04EC0-301F-11D3-BF4B-00C04F79EFBC}") = "str1str2", "str1str2\str1str2.csproj", "{8986C679-A986-4D33-8B61-CC7A4C3F646F}"
EndProject
Global
	GlobalSection(SolutionConfigurationPlatforms) = preSolution
		Debug|Any CPU = Debug|Any CPU
		Release|Any CPU = Release|Any CPU
	EndGlobalSection
	GlobalSection(ProjectConfigurationPlatforms) = postSolution
		{8986C679-A986-4D33-8B61-CC7A4C3F646F}.Debug|Any CPU.ActiveCfg = Debug|Any CPU
		{8986C679-A986-4D33-8B61-CC7A4C3F646F}.Debug|Any CPU.Build.0 = Debug|Any CPU
		{8986C679-A986-4D33-8B61-CC7A4C3F646F}.Release|Any CPU.ActiveCfg = Release|Any CPU
		{8986C679-A986-4D33-8B61-CC7A4C3F646F}.Release|Any CPU.Build.0 = Release|Any CPU
	EndGlobalSection
	GlobalSection(SolutionProperties) = preSolution
		HideSolutionNode = FALSE
	EndGlobalSection
	GlobalSection(ExtensibilityGlobals) = postSolution
		SolutionGuid = {FAAE6678-8CA8-456B-B62C-04A0C4A246CD}
	EndGlobalSection
EndGlobal
